{
  "name": "@hutechcollege/voluptatibus-eaque-aperiam-deleniti",
  "version": "1.0.0",
  "lockfileVersion": 3,
  "requires": true,
  "packages": {
    "": {
      "name": "@hutechcollege/voluptatibus-eaque-aperiam-deleniti",
      "version": "1.0.0",
      "license": "MIT",
      "dependencies": {
        "@hutechcollege/a-explicabo-voluptas-accusamus": "^1.0.0",
        "@hutechcollege/accusantium-ipsum-a-fugiat": "^1.0.0",
        "@hutechcollege/ad-nisi-saepe-aperiam": "^1.0.0",
        "@hutechcollege/alias-architecto-dolores-iste": "^1.0.0",
        "@hutechcollege/asperiores-dicta-quos-maxime": "^1.0.0",
        "@hutechcollege/cumque-nobis-ipsa-praesentium": "^1.0.0",
        "@hutechcollege/cumque-officia-cum-recusandae": "^1.0.0",
        "@hutechcollege/doloremque-cupiditate-harum-eveniet": "^1.0.0",
        "@hutechcollege/ea-tempora-et-qui": "^1.0.0",
        "@hutechcollege/fugiat-molestiae-quia-ullam": "^1.0.0",
        "@hutechcollege/harum-eligendi-suscipit-modi": "^1.0.0",
        "@hutechcollege/hic-perferendis-natus-iste": "^1.0.0",
        "@hutechcollege/laboriosam-quasi-sapiente-praesentium": "^1.0.0",
        "@hutechcollege/nobis-reprehenderit-quibusdam-fugiat": "^1.0.0",
        "@hutechcollege/odit-deserunt-repellat-numquam": "^1.0.0",
        "@hutechcollege/pariatur-minima-earum-hic": "^1.0.0",
        "@hutechcollege/pariatur-quaerat-ex-animi": "^1.0.0",
        "@hutechcollege/provident-atque-non-ea": "^1.0.0",
        "@hutechcollege/quia-veniam-iste-inventore": "^1.0.0",
        "@hutechcollege/repellat-quas-itaque-ex": "^1.0.0",
        "@hutechcollege/saepe-accusantium-tempore-aliquam": "^1.0.0",
        "@hutechcollege/sapiente-omnis-sunt-explicabo": "^1.0.0",
        "@hutechcollege/temporibus-aliquid-voluptate-expedita": "^1.0.0",
        "@hutechcollege/vitae-doloribus-officiis-illum": "^1.0.0",
        "@hutechcollege/voluptates-dicta-ratione-vero": "^1.0.0",
        "coding-course-api": "^0.1.2",
        "saoviet-caculator": "^0.1.2",
        "saoviet-caculator-module": "^0.1.1"
      }
    },
    "node_modules/@hutechcollege/a-explicabo-voluptas-accusamus": {
      "version": "1.0.0",
      "resolved": "https://registry.npmjs.org/@hutechcollege/a-explicabo-voluptas-accusamus/-/a-explicabo-voluptas-accusamus-1.0.0.tgz",
      "integrity": "sha512-izLZoaExkqGGP/OU8lmNQz4krRashFlYM52Uam6W0Ducpvf0sbUyB3RrqnP50HSc6XOHDJQqjAbXR3p0a0KrRA==",
      "dependencies": {
        "@hutechcollege/cumque-nobis-ipsa-praesentium": "^1.0.0",
        "@hutechcollege/cumque-officia-cum-recusandae": "^1.0.0",
        "@hutechcollege/harum-eligendi-suscipit-modi": "^1.0.0",
        "@hutechcollege/odit-deserunt-repellat-numquam": "^1.0.0",
        "@hutechcollege/provident-atque-non-ea": "^1.0.0",
        "coding-course-api": "^0.1.2",
        "saoviet-caculator": "^0.1.2",
        "saoviet-caculator-module": "^0.1.1"
      }
    },
    "node_modules/@hutechcollege/accusantium-ipsum-a-fugiat": {
      "version": "1.0.0",
      "resolved": "https://registry.npmjs.org/@hutechcollege/accusantium-ipsum-a-fugiat/-/accusantium-ipsum-a-fugiat-1.0.0.tgz",
      "integrity": "sha512-D3ACCjj/4YBZKbQC1pjD90xuVxgv79qSmZrAGPb6UVc9b+pOPo5f4NVD8yc1KrRcd+y4uyUhqc+S0tsPYUpnQA==",
      "dependencies": {
        "@hutechcollege/a-explicabo-voluptas-accusamus": "^1.0.0",
        "@hutechcollege/ad-nisi-saepe-aperiam": "^1.0.0",
        "@hutechcollege/asperiores-dicta-quos-maxime": "^1.0.0",
        "@hutechcollege/cumque-nobis-ipsa-praesentium": "^1.0.0",
        "@hutechcollege/cumque-officia-cum-recusandae": "^1.0.0",
        "@hutechcollege/doloremque-cupiditate-harum-eveniet": "^1.0.0",
        "@hutechcollege/ea-tempora-et-qui": "^1.0.0",
        "@hutechcollege/fugiat-molestiae-quia-ullam": "^1.0.0",
        "@hutechcollege/harum-eligendi-suscipit-modi": "^1.0.0",
        "@hutechcollege/hic-perferendis-natus-iste": "^1.0.0",
        "@hutechcollege/laboriosam-quasi-sapiente-praesentium": "^1.0.0",
        "@hutechcollege/nobis-reprehenderit-quibusdam-fugiat": "^1.0.0",
        "@hutechcollege/odit-deserunt-repellat-numquam": "^1.0.0",
        "@hutechcollege/pariatur-minima-earum-hic": "^1.0.0",
        "@hutechcollege/pariatur-quaerat-ex-animi": "^1.0.0",
        "@hutechcollege/provident-atque-non-ea": "^1.0.0",
        "@hutechcollege/quia-veniam-iste-inventore": "^1.0.0",
        "@hutechcollege/sapiente-omnis-sunt-explicabo": "^1.0.0",
        "@hutechcollege/temporibus-aliquid-voluptate-expedita": "^1.0.0",
        "@hutechcollege/vitae-doloribus-officiis-illum": "^1.0.0",
        "coding-course-api": "^0.1.2",
        "saoviet-caculator": "^0.1.2",
        "saoviet-caculator-module": "^0.1.1"
      }
    },
    "node_modules/@hutechcollege/ad-nisi-saepe-aperiam": {
      "version": "1.0.0",
      "resolved": "https://registry.npmjs.org/@hutechcollege/ad-nisi-saepe-aperiam/-/ad-nisi-saepe-aperiam-1.0.0.tgz",
      "integrity": "sha512-t/yYAgsvcdQCxwvzOE7WRrnSXd6MuxNz4Yz5NE9jVdUe4kN+5Ehe33nvRbxD2WOGSScIenEe1AlqC9RxsHeODQ==",
      "dependencies": {
        "@hutechcollege/a-explicabo-voluptas-accusamus": "^1.0.0",
        "@hutechcollege/asperiores-dicta-quos-maxime": "^1.0.0",
        "@hutechcollege/cumque-nobis-ipsa-praesentium": "^1.0.0",
        "@hutechcollege/cumque-officia-cum-recusandae": "^1.0.0",
        "@hutechcollege/doloremque-cupiditate-harum-eveniet": "^1.0.0",
        "@hutechcollege/ea-tempora-et-qui": "^1.0.0",
        "@hutechcollege/fugiat-molestiae-quia-ullam": "^1.0.0",
        "@hutechcollege/harum-eligendi-suscipit-modi": "^1.0.0",
        "@hutechcollege/hic-perferendis-natus-iste": "^1.0.0",
        "@hutechcollege/laboriosam-quasi-sapiente-praesentium": "^1.0.0",
        "@hutechcollege/nobis-reprehenderit-quibusdam-fugiat": "^1.0.0",
        "@hutechcollege/odit-deserunt-repellat-numquam": "^1.0.0",
        "@hutechcollege/pariatur-minima-earum-hic": "^1.0.0",
        "@hutechcollege/pariatur-quaerat-ex-animi": "^1.0.0",
        "@hutechcollege/provident-atque-non-ea": "^1.0.0",
        "@hutechcollege/quia-veniam-iste-inventore": "^1.0.0",
        "@hutechcollege/sapiente-omnis-sunt-explicabo": "^1.0.0",
        "@hutechcollege/temporibus-aliquid-voluptate-expedita": "^1.0.0",
        "@hutechcollege/vitae-doloribus-officiis-illum": "^1.0.0",
        "coding-course-api": "^0.1.2",
        "saoviet-caculator": "^0.1.2",
        "saoviet-caculator-module": "^0.1.1"
      }
    },
    "node_modules/@hutechcollege/alias-architecto-dolores-iste": {
      "version": "1.0.0",
      "resolved": "https://registry.npmjs.org/@hutechcollege/alias-architecto-dolores-iste/-/alias-architecto-dolores-iste-1.0.0.tgz",
      "integrity": "sha512-m2hjZa7MQLGlpvOUfH2oL4UBfJxL9t0shNGQg+i4/fih0zyHqAc86xh1H1glxwflVLD1KGpssMiQJEMnYZSPXg==",
      "dependencies": {
        "@hutechcollege/a-explicabo-voluptas-accusamus": "^1.0.0",
        "@hutechcollege/accusantium-ipsum-a-fugiat": "^1.0.0",
        "@hutechcollege/ad-nisi-saepe-aperiam": "^1.0.0",
        "@hutechcollege/asperiores-dicta-quos-maxime": "^1.0.0",
        "@hutechcollege/cumque-nobis-ipsa-praesentium": "^1.0.0",
        "@hutechcollege/cumque-officia-cum-recusandae": "^1.0.0",
        "@hutechcollege/doloremque-cupiditate-harum-eveniet": "^1.0.0",
        "@hutechcollege/ea-tempora-et-qui": "^1.0.0",
        "@hutechcollege/fugiat-molestiae-quia-ullam": "^1.0.0",
        "@hutechcollege/harum-eligendi-suscipit-modi": "^1.0.0",
        "@hutechcollege/hic-perferendis-natus-iste": "^1.0.0",
        "@hutechcollege/laboriosam-quasi-sapiente-praesentium": "^1.0.0",
        "@hutechcollege/nobis-reprehenderit-quibusdam-fugiat": "^1.0.0",
        "@hutechcollege/odit-deserunt-repellat-numquam": "^1.0.0",
        "@hutechcollege/pariatur-minima-earum-hic": "^1.0.0",
        "@hutechcollege/pariatur-quaerat-ex-animi": "^1.0.0",
        "@hutechcollege/provident-atque-non-ea": "^1.0.0",
        "@hutechcollege/quia-veniam-iste-inventore": "^1.0.0",
        "@hutechcollege/sapiente-omnis-sunt-explicabo": "^1.0.0",
        "@hutechcollege/temporibus-aliquid-voluptate-expedita": "^1.0.0",
        "@hutechcollege/vitae-doloribus-officiis-illum": "^1.0.0",
        "coding-course-api": "^0.1.2",
        "saoviet-caculator": "^0.1.2",
        "saoviet-caculator-module": "^0.1.1"
      }
    },
    "node_modules/@hutechcollege/asperiores-dicta-quos-maxime": {
      "version": "1.0.0",
      "resolved": "https://registry.npmjs.org/@hutechcollege/asperiores-dicta-quos-maxime/-/asperiores-dicta-quos-maxime-1.0.0.tgz",
      "integrity": "sha512-ysioCq9DpQi81ZiHuzrptorrmxBPSKQ8H8klJhLCAs4Ify992BJ0VAotzG3MTtzKSlWlZcHw7dgwS8I62hdQNQ==",
      "dependencies": {
        "@hutechcollege/a-explicabo-voluptas-accusamus": "^1.0.0",
        "@hutechcollege/cumque-nobis-ipsa-praesentium": "^1.0.0",
        "@hutechcollege/cumque-officia-cum-recusandae": "^1.0.0",
        "@hutechcollege/doloremque-cupiditate-harum-eveniet": "^1.0.0",
        "@hutechcollege/ea-tempora-et-qui": "^1.0.0",
        "@hutechcollege/fugiat-molestiae-quia-ullam": "^1.0.0",
        "@hutechcollege/harum-eligendi-suscipit-modi": "^1.0.0",
        "@hutechcollege/laboriosam-quasi-sapiente-praesentium": "^1.0.0",
        "@hutechcollege/odit-deserunt-repellat-numquam": "^1.0.0",
        "@hutechcollege/pariatur-minima-earum-hic": "^1.0.0",
        "@hutechcollege/pariatur-quaerat-ex-animi": "^1.0.0",
        "@hutechcollege/provident-atque-non-ea": "^1.0.0",
        "coding-course-api": "^0.1.2",
        "saoviet-caculator": "^0.1.2",
        "saoviet-caculator-module": "^0.1.1"
      }
    },
    "node_modules/@hutechcollege/cumque-nobis-ipsa-praesentium": {
      "version": "1.0.0",
      "resolved": "https://registry.npmjs.org/@hutechcollege/cumque-nobis-ipsa-praesentium/-/cumque-nobis-ipsa-praesentium-1.0.0.tgz",
      "integrity": "sha512-KRuZZfje6fY9FkuzIyWEdQKlP7BUs4/mZjn+Z0ZBBAXD3WcdeASS/S5+6S1Wnz8YOn75kOqrZyNz7W6w//A+SQ==",
      "dependencies": {
        "@hutechcollege/cumque-officia-cum-recusandae": "^1.0.0",
        "@hutechcollege/provident-atque-non-ea": "^1.0.0",
        "coding-course-api": "^0.1.2",
        "saoviet-caculator": "^0.1.2",
        "saoviet-caculator-module": "^0.1.1"
      }
    },
    "node_modules/@hutechcollege/cumque-officia-cum-recusandae": {
      "version": "1.0.0",
      "resolved": "https://registry.npmjs.org/@hutechcollege/cumque-officia-cum-recusandae/-/cumque-officia-cum-recusandae-1.0.0.tgz",
      "integrity": "sha512-PrQKpAOO5C1zWytdgjY2spgaIySE0k0AHCpN7mpsxPjTD7ohV+4M5I5QdzDQDxYyUSrtyadMDUN57DsSTyA1Qw==",
      "dependencies": {
        "@hutechcollege/provident-atque-non-ea": "^1.0.0",
        "coding-course-api": "^0.1.2",
        "saoviet-caculator": "^0.1.2",
        "saoviet-caculator-module": "^0.1.1"
      }
    },
    "node_modules/@hutechcollege/doloremque-cupiditate-harum-eveniet": {
      "version": "1.0.0",
      "resolved": "https://registry.npmjs.org/@hutechcollege/doloremque-cupiditate-harum-eveniet/-/doloremque-cupiditate-harum-eveniet-1.0.0.tgz",
      "integrity": "sha512-mT4VGBUAjDYDI09SUmh6LEY/uR9u8rpKiftsyUVSE3a+I4f93L6i9OVdM8OB+tNbcMQ7/oN+wur8zS7D6mMUIA==",
      "dependencies": {
        "@hutechcollege/a-explicabo-voluptas-accusamus": "^1.0.0",
        "@hutechcollege/cumque-nobis-ipsa-praesentium": "^1.0.0",
        "@hutechcollege/cumque-officia-cum-recusandae": "^1.0.0",
        "@hutechcollege/harum-eligendi-suscipit-modi": "^1.0.0",
        "@hutechcollege/odit-deserunt-repellat-numquam": "^1.0.0",
        "@hutechcollege/provident-atque-non-ea": "^1.0.0",
        "coding-course-api": "^0.1.2",
        "saoviet-caculator": "^0.1.2",
        "saoviet-caculator-module": "^0.1.1"
      }
    },
    "node_modules/@hutechcollege/ea-tempora-et-qui": {
      "version": "1.0.0",
      "resolved": "https://registry.npmjs.org/@hutechcollege/ea-tempora-et-qui/-/ea-tempora-et-qui-1.0.0.tgz",
      "integrity": "sha512-khnRw5OzB7Grv3Zh8J5PWvndG5X4xxnNjhdPtewEN9GkGaEpUvEG5k8pwhO/E2kAxRx5LvVmmiKaxxAs3GUqhA==",
      "dependencies": {
        "@hutechcollege/a-explicabo-voluptas-accusamus": "^1.0.0",
        "@hutechcollege/cumque-nobis-ipsa-praesentium": "^1.0.0",
        "@hutechcollege/cumque-officia-cum-recusandae": "^1.0.0",
        "@hutechcollege/doloremque-cupiditate-harum-eveniet": "^1.0.0",
        "@hutechcollege/harum-eligendi-suscipit-modi": "^1.0.0",
        "@hutechcollege/odit-deserunt-repellat-numquam": "^1.0.0",
        "@hutechcollege/pariatur-minima-earum-hic": "^1.0.0",
        "@hutechcollege/provident-atque-non-ea": "^1.0.0",
        "coding-course-api": "^0.1.2",
        "saoviet-caculator": "^0.1.2",
        "saoviet-caculator-module": "^0.1.1"
      }
    },
    "node_modules/@hutechcollege/fugiat-molestiae-quia-ullam": {
      "version": "1.0.0",
      "resolved": "https://registry.npmjs.org/@hutechcollege/fugiat-molestiae-quia-ullam/-/fugiat-molestiae-quia-ullam-1.0.0.tgz",
      "integrity": "sha512-lM/FX1ACe3R4wyxXgXQj7urHhgweZNXM8o9ZZzO5W1k6YW+7cQ4U1RpdmvYTPZHKcnr4RiIRE1UxoBATR6/rfA==",
      "dependencies": {
        "@hutechcollege/a-explicabo-voluptas-accusamus": "^1.0.0",
        "@hutechcollege/cumque-nobis-ipsa-praesentium": "^1.0.0",
        "@hutechcollege/cumque-officia-cum-recusandae": "^1.0.0",
        "@hutechcollege/doloremque-cupiditate-harum-eveniet": "^1.0.0",
        "@hutechcollege/ea-tempora-et-qui": "^1.0.0",
        "@hutechcollege/harum-eligendi-suscipit-modi": "^1.0.0",
        "@hutechcollege/laboriosam-quasi-sapiente-praesentium": "^1.0.0",
        "@hutechcollege/odit-deserunt-repellat-numquam": "^1.0.0",
        "@hutechcollege/pariatur-minima-earum-hic": "^1.0.0",
        "@hutechcollege/pariatur-quaerat-ex-animi": "^1.0.0",
        "@hutechcollege/provident-atque-non-ea": "^1.0.0",
        "coding-course-api": "^0.1.2",
        "saoviet-caculator": "^0.1.2",
        "saoviet-caculator-module": "^0.1.1"
      }
    },
    "node_modules/@hutechcollege/harum-eligendi-suscipit-modi": {
      "version": "1.0.0",
      "resolved": "https://registry.npmjs.org/@hutechcollege/harum-eligendi-suscipit-modi/-/harum-eligendi-suscipit-modi-1.0.0.tgz",
      "integrity": "sha512-wqsqrkud+RtNfqpxDTgZP0n46Kb8w31Rw8aeQwfw+xDmQAxbzezw7IkepBGKTv+zJmUvNUg2CZ/G5pRNUFL4Tw==",
      "dependencies": {
        "@hutechcollege/cumque-nobis-ipsa-praesentium": "^1.0.0",
        "@hutechcollege/cumque-officia-cum-recusandae": "^1.0.0",
        "@hutechcollege/provident-atque-non-ea": "^1.0.0",
        "coding-course-api": "^0.1.2",
        "saoviet-caculator": "^0.1.2",
        "saoviet-caculator-module": "^0.1.1"
      }
    },
    "node_modules/@hutechcollege/hic-perferendis-natus-iste": {
      "version": "1.0.0",
      "resolved": "https://registry.npmjs.org/@hutechcollege/hic-perferendis-natus-iste/-/hic-perferendis-natus-iste-1.0.0.tgz",
      "integrity": "sha512-Lc7aLf1+x2GtA2cWv+Hgruuo/jyMD55wXmq0JgFlL9lrGi7gXmm7zBaZlBDuZ82lUaRFtQSGObbWrFFiLgP1TQ==",
      "dependencies": {
        "@hutechcollege/a-explicabo-voluptas-accusamus": "^1.0.0",
        "@hutechcollege/asperiores-dicta-quos-maxime": "^1.0.0",
        "@hutechcollege/cumque-nobis-ipsa-praesentium": "^1.0.0",
        "@hutechcollege/cumque-officia-cum-recusandae": "^1.0.0",
        "@hutechcollege/doloremque-cupiditate-harum-eveniet": "^1.0.0",
        "@hutechcollege/ea-tempora-et-qui": "^1.0.0",
        "@hutechcollege/fugiat-molestiae-quia-ullam": "^1.0.0",
        "@hutechcollege/harum-eligendi-suscipit-modi": "^1.0.0",
        "@hutechcollege/laboriosam-quasi-sapiente-praesentium": "^1.0.0",
        "@hutechcollege/nobis-reprehenderit-quibusdam-fugiat": "^1.0.0",
        "@hutechcollege/odit-deserunt-repellat-numquam": "^1.0.0",
        "@hutechcollege/pariatur-minima-earum-hic": "^1.0.0",
        "@hutechcollege/pariatur-quaerat-ex-animi": "^1.0.0",
        "@hutechcollege/provident-atque-non-ea": "^1.0.0",
        "@hutechcollege/quia-veniam-iste-inventore": "^1.0.0",
        "@hutechcollege/sapiente-omnis-sunt-explicabo": "^1.0.0",
        "@hutechcollege/temporibus-aliquid-voluptate-expedita": "^1.0.0",
        "@hutechcollege/vitae-doloribus-officiis-illum": "^1.0.0",
        "coding-course-api": "^0.1.2",
        "saoviet-caculator": "^0.1.2",
        "saoviet-caculator-module": "^0.1.1"
      }
    },
    "node_modules/@hutechcollege/laboriosam-quasi-sapiente-praesentium": {
      "version": "1.0.0",
      "resolved": "https://registry.npmjs.org/@hutechcollege/laboriosam-quasi-sapiente-praesentium/-/laboriosam-quasi-sapiente-praesentium-1.0.0.tgz",
      "integrity": "sha512-M28tUybTBeE8K0DKHD3P5K10KwyPI6aGzsQRL3eTq/mpOOGBs7L9EkmW0Ov1ln8AscXUaE0NK/yqU/kS0vmGqA==",
      "dependencies": {
        "@hutechcollege/a-explicabo-voluptas-accusamus": "^1.0.0",
        "@hutechcollege/cumque-nobis-ipsa-praesentium": "^1.0.0",
        "@hutechcollege/cumque-officia-cum-recusandae": "^1.0.0",
        "@hutechcollege/doloremque-cupiditate-harum-eveniet": "^1.0.0",
        "@hutechcollege/ea-tempora-et-qui": "^1.0.0",
        "@hutechcollege/harum-eligendi-suscipit-modi": "^1.0.0",
        "@hutechcollege/odit-deserunt-repellat-numquam": "^1.0.0",
        "@hutechcollege/pariatur-minima-earum-hic": "^1.0.0",
        "@hutechcollege/provident-atque-non-ea": "^1.0.0",
        "coding-course-api": "^0.1.2",
        "saoviet-caculator": "^0.1.2",
        "saoviet-caculator-module": "^0.1.1"
      }
    },
    "node_modules/@hutechcollege/nobis-reprehenderit-quibusdam-fugiat": {
      "version": "1.0.0",
      "resolved": "https://registry.npmjs.org/@hutechcollege/nobis-reprehenderit-quibusdam-fugiat/-/nobis-reprehenderit-quibusdam-fugiat-1.0.0.tgz",
      "integrity": "sha512-dN6089+5+gjku1LfdIhkhnsCXOxyEi3Bhq0x3iP9eURbV8oRDJqhbi4brNbLJTplGIwvKspKxq+bq7lIxmFOsw==",
      "dependencies": {
        "@hutechcollege/a-explicabo-voluptas-accusamus": "^1.0.0",
        "@hutechcollege/asperiores-dicta-quos-maxime": "^1.0.0",
        "@hutechcollege/cumque-nobis-ipsa-praesentium": "^1.0.0",
        "@hutechcollege/cumque-officia-cum-recusandae": "^1.0.0",
        "@hutechcollege/doloremque-cupiditate-harum-eveniet": "^1.0.0",
        "@hutechcollege/ea-tempora-et-qui": "^1.0.0",
        "@hutechcollege/fugiat-molestiae-quia-ullam": "^1.0.0",
        "@hutechcollege/harum-eligendi-suscipit-modi": "^1.0.0",
        "@hutechcollege/laboriosam-quasi-sapiente-praesentium": "^1.0.0",
        "@hutechcollege/odit-deserunt-repellat-numquam": "^1.0.0",
        "@hutechcollege/pariatur-minima-earum-hic": "^1.0.0",
        "@hutechcollege/pariatur-quaerat-ex-animi": "^1.0.0",
        "@hutechcollege/provident-atque-non-ea": "^1.0.0",
        "@hutechcollege/sapiente-omnis-sunt-explicabo": "^1.0.0",
        "@hutechcollege/temporibus-aliquid-voluptate-expedita": "^1.0.0",
        "@hutechcollege/vitae-doloribus-officiis-illum": "^1.0.0",
        "coding-course-api": "^0.1.2",
        "saoviet-caculator": "^0.1.2",
        "saoviet-caculator-module": "^0.1.1"
      }
    },
    "node_modules/@hutechcollege/odit-deserunt-repellat-numquam": {
      "version": "1.0.0",
      "resolved": "https://registry.npmjs.org/@hutechcollege/odit-deserunt-repellat-numquam/-/odit-deserunt-repellat-numquam-1.0.0.tgz",
      "integrity": "sha512-xnHgwV9cv4tLrbd/aLiok0dWFEk85aedIumI2oSId0spTFHfizilvtR7N9yxH16XRgRMM5EDiMa6fcKW0tB+tA==",
      "dependencies": {
        "@hutechcollege/cumque-nobis-ipsa-praesentium": "^1.0.0",
        "@hutechcollege/cumque-officia-cum-recusandae": "^1.0.0",
        "@hutechcollege/harum-eligendi-suscipit-modi": "^1.0.0",
        "@hutechcollege/provident-atque-non-ea": "^1.0.0",
        "coding-course-api": "^0.1.2",
        "saoviet-caculator": "^0.1.2",
        "saoviet-caculator-module": "^0.1.1"
      }
    },
    "node_modules/@hutechcollege/pariatur-minima-earum-hic": {
      "version": "1.0.0",
      "resolved": "https://registry.npmjs.org/@hutechcollege/pariatur-minima-earum-hic/-/pariatur-minima-earum-hic-1.0.0.tgz",
      "integrity": "sha512-8S6prEF0xP2LGXDel0hdJJqnKxE88fuQSEloNAWM+npvv5N02KjPvs0AaQcOdOyawRAOOzBXdB3hLYUS9oP3og==",
      "dependencies": {
        "@hutechcollege/a-explicabo-voluptas-accusamus": "^1.0.0",
        "@hutechcollege/cumque-nobis-ipsa-praesentium": "^1.0.0",
        "@hutechcollege/cumque-officia-cum-recusandae": "^1.0.0",
        "@hutechcollege/doloremque-cupiditate-harum-eveniet": "^1.0.0",
        "@hutechcollege/harum-eligendi-suscipit-modi": "^1.0.0",
        "@hutechcollege/odit-deserunt-repellat-numquam": "^1.0.0",
        "@hutechcollege/provident-atque-non-ea": "^1.0.0",
        "coding-course-api": "^0.1.2",
        "saoviet-caculator": "^0.1.2",
        "saoviet-caculator-module": "^0.1.1"
      }
    },
    "node_modules/@hutechcollege/pariatur-quaerat-ex-animi": {
      "version": "1.0.0",
      "resolved": "https://registry.npmjs.org/@hutechcollege/pariatur-quaerat-ex-animi/-/pariatur-quaerat-ex-animi-1.0.0.tgz",
      "integrity": "sha512-6yQxDKY3woyIDOSmSj1n9jbVquWjhJoIBHG0GToi0C0eb8mSEtzPsBi6zsvE2CmReNOcYmc0qfM6FwAhykLK7Q==",
      "dependencies": {
        "@hutechcollege/a-explicabo-voluptas-accusamus": "^1.0.0",
        "@hutechcollege/cumque-nobis-ipsa-praesentium": "^1.0.0",
        "@hutechcollege/cumque-officia-cum-recusandae": "^1.0.0",
        "@hutechcollege/doloremque-cupiditate-harum-eveniet": "^1.0.0",
        "@hutechcollege/ea-tempora-et-qui": "^1.0.0",
        "@hutechcollege/harum-eligendi-suscipit-modi": "^1.0.0",
        "@hutechcollege/laboriosam-quasi-sapiente-praesentium": "^1.0.0",
        "@hutechcollege/odit-deserunt-repellat-numquam": "^1.0.0",
        "@hutechcollege/pariatur-minima-earum-hic": "^1.0.0",
        "@hutechcollege/provident-atque-non-ea": "^1.0.0",
        "coding-course-api": "^0.1.2",
        "saoviet-caculator": "^0.1.2",
        "saoviet-caculator-module": "^0.1.1"
      }
    },
    "node_modules/@hutechcollege/provident-atque-non-ea": {
      "version": "1.0.0",
      "resolved": "https://registry.npmjs.org/@hutechcollege/provident-atque-non-ea/-/provident-atque-non-ea-1.0.0.tgz",
      "integrity": "sha512-kpZAKykDmgrAP3MmadF66YN2uVe2b4pU6jVyNMFLDQjfvBk4zSyIvASphAgzqbMoi85BHuJBkREZz3xcGAfG7w==",
      "dependencies": {
        "coding-course-api": "^0.1.2",
        "saoviet-caculator": "^0.1.2",
        "saoviet-caculator-module": "^0.1.1"
      }
    },
    "node_modules/@hutechcollege/quia-veniam-iste-inventore": {
      "version": "1.0.0",
      "resolved": "https://registry.npmjs.org/@hutechcollege/quia-veniam-iste-inventore/-/quia-veniam-iste-inventore-1.0.0.tgz",
      "integrity": "sha512-p4tMw6qKmB7qbWHb46BTVswitVoU2CR4JawBEjLLW2Tq5e0iXtSja4IiyZ6Xp8JZffFEottxeUvSYXHirz2vdQ==",
      "dependencies": {
        "@hutechcollege/a-explicabo-voluptas-accusamus": "^1.0.0",
        "@hutechcollege/asperiores-dicta-quos-maxime": "^1.0.0",
        "@hutechcollege/cumque-nobis-ipsa-praesentium": "^1.0.0",
        "@hutechcollege/cumque-officia-cum-recusandae": "^1.0.0",
        "@hutechcollege/doloremque-cupiditate-harum-eveniet": "^1.0.0",
        "@hutechcollege/ea-tempora-et-qui": "^1.0.0",
        "@hutechcollege/fugiat-molestiae-quia-ullam": "^1.0.0",
        "@hutechcollege/harum-eligendi-suscipit-modi": "^1.0.0",
        "@hutechcollege/laboriosam-quasi-sapiente-praesentium": "^1.0.0",
        "@hutechcollege/nobis-reprehenderit-quibusdam-fugiat": "^1.0.0",
        "@hutechcollege/odit-deserunt-repellat-numquam": "^1.0.0",
        "@hutechcollege/pariatur-minima-earum-hic": "^1.0.0",
        "@hutechcollege/pariatur-quaerat-ex-animi": "^1.0.0",
        "@hutechcollege/provident-atque-non-ea": "^1.0.0",
        "@hutechcollege/sapiente-omnis-sunt-explicabo": "^1.0.0",
        "@hutechcollege/temporibus-aliquid-voluptate-expedita": "^1.0.0",
        "@hutechcollege/vitae-doloribus-officiis-illum": "^1.0.0",
        "coding-course-api": "^0.1.2",
        "saoviet-caculator": "^0.1.2",
        "saoviet-caculator-module": "^0.1.1"
      }
    },
    "node_modules/@hutechcollege/repellat-quas-itaque-ex": {
      "version": "1.0.0",
      "resolved": "https://registry.npmjs.org/@hutechcollege/repellat-quas-itaque-ex/-/repellat-quas-itaque-ex-1.0.0.tgz",
      "integrity": "sha512-2JL/yMc5ouqS7DAhwHd0xXYFjAcSZPXrsE0NLklX4aQI6Nm0grbSD/jSXVXE0ZmEsA7kRFyCQ7XCE1HfnZrOEQ==",
      "dependencies": {
        "@hutechcollege/a-explicabo-voluptas-accusamus": "^1.0.0",
        "@hutechcollege/accusantium-ipsum-a-fugiat": "^1.0.0",
        "@hutechcollege/ad-nisi-saepe-aperiam": "^1.0.0",
        "@hutechcollege/alias-architecto-dolores-iste": "^1.0.0",
        "@hutechcollege/asperiores-dicta-quos-maxime": "^1.0.0",
        "@hutechcollege/cumque-nobis-ipsa-praesentium": "^1.0.0",
        "@hutechcollege/cumque-officia-cum-recusandae": "^1.0.0",
        "@hutechcollege/doloremque-cupiditate-harum-eveniet": "^1.0.0",
        "@hutechcollege/ea-tempora-et-qui": "^1.0.0",
        "@hutechcollege/fugiat-molestiae-quia-ullam": "^1.0.0",
        "@hutechcollege/harum-eligendi-suscipit-modi": "^1.0.0",
        "@hutechcollege/hic-perferendis-natus-iste": "^1.0.0",
        "@hutechcollege/laboriosam-quasi-sapiente-praesentium": "^1.0.0",
        "@hutechcollege/nobis-reprehenderit-quibusdam-fugiat": "^1.0.0",
        "@hutechcollege/odit-deserunt-repellat-numquam": "^1.0.0",
        "@hutechcollege/pariatur-minima-earum-hic": "^1.0.0",
        "@hutechcollege/pariatur-quaerat-ex-animi": "^1.0.0",
        "@hutechcollege/provident-atque-non-ea": "^1.0.0",
        "@hutechcollege/quia-veniam-iste-inventore": "^1.0.0",
        "@hutechcollege/sapiente-omnis-sunt-explicabo": "^1.0.0",
        "@hutechcollege/temporibus-aliquid-voluptate-expedita": "^1.0.0",
        "@hutechcollege/vitae-doloribus-officiis-illum": "^1.0.0",
        "coding-course-api": "^0.1.2",
        "saoviet-caculator": "^0.1.2",
        "saoviet-caculator-module": "^0.1.1"
      }
    },
    "node_modules/@hutechcollege/saepe-accusantium-tempore-aliquam": {
      "version": "1.0.0",
      "resolved": "https://registry.npmjs.org/@hutechcollege/saepe-accusantium-tempore-aliquam/-/saepe-accusantium-tempore-aliquam-1.0.0.tgz",
      "integrity": "sha512-YQSyBYXmeB8psgP/ruSJ8Qn3OZDHz86aROWclvJvYLbBikOj307b/AFei9qMGLvMMuE/+i1XU2c3cBi5KANAOA==",
      "dependencies": {
        "@hutechcollege/a-explicabo-voluptas-accusamus": "^1.0.0",
        "@hutechcollege/accusantium-ipsum-a-fugiat": "^1.0.0",
        "@hutechcollege/ad-nisi-saepe-aperiam": "^1.0.0",
        "@hutechcollege/alias-architecto-dolores-iste": "^1.0.0",
        "@hutechcollege/asperiores-dicta-quos-maxime": "^1.0.0",
        "@hutechcollege/cumque-nobis-ipsa-praesentium": "^1.0.0",
        "@hutechcollege/cumque-officia-cum-recusandae": "^1.0.0",
        "@hutechcollege/doloremque-cupiditate-harum-eveniet": "^1.0.0",
        "@hutechcollege/ea-tempora-et-qui": "^1.0.0",
        "@hutechcollege/fugiat-molestiae-quia-ullam": "^1.0.0",
        "@hutechcollege/harum-eligendi-suscipit-modi": "^1.0.0",
        "@hutechcollege/hic-perferendis-natus-iste": "^1.0.0",
        "@hutechcollege/laboriosam-quasi-sapiente-praesentium": "^1.0.0",
        "@hutechcollege/nobis-reprehenderit-quibusdam-fugiat": "^1.0.0",
        "@hutechcollege/odit-deserunt-repellat-numquam": "^1.0.0",
        "@hutechcollege/pariatur-minima-earum-hic": "^1.0.0",
        "@hutechcollege/pariatur-quaerat-ex-animi": "^1.0.0",
        "@hutechcollege/provident-atque-non-ea": "^1.0.0",
        "@hutechcollege/quia-veniam-iste-inventore": "^1.0.0",
        "@hutechcollege/repellat-quas-itaque-ex": "^1.0.0",
        "@hutechcollege/sapiente-omnis-sunt-explicabo": "^1.0.0",
        "@hutechcollege/temporibus-aliquid-voluptate-expedita": "^1.0.0",
        "@hutechcollege/vitae-doloribus-officiis-illum": "^1.0.0",
        "@hutechcollege/voluptates-dicta-ratione-vero": "^1.0.0",
        "coding-course-api": "^0.1.2",
        "saoviet-caculator": "^0.1.2",
        "saoviet-caculator-module": "^0.1.1"
      }
    },
    "node_modules/@hutechcollege/sapiente-omnis-sunt-explicabo": {
      "version": "1.0.0",
      "resolved": "https://registry.npmjs.org/@hutechcollege/sapiente-omnis-sunt-explicabo/-/sapiente-omnis-sunt-explicabo-1.0.0.tgz",
      "integrity": "sha512-7k+FyW7tC6s+Vy4pzBUDLqydVVgcss0eE8BzHaIsbXCX7L/7P64b93BUJf6j9FXobKEtdgzsYz2BXgc5+8GXyQ==",
      "dependencies": {
        "@hutechcollege/a-explicabo-voluptas-accusamus": "^1.0.0",
        "@hutechcollege/asperiores-dicta-quos-maxime": "^1.0.0",
        "@hutechcollege/cumque-nobis-ipsa-praesentium": "^1.0.0",
        "@hutechcollege/cumque-officia-cum-recusandae": "^1.0.0",
        "@hutechcollege/doloremque-cupiditate-harum-eveniet": "^1.0.0",
        "@hutechcollege/ea-tempora-et-qui": "^1.0.0",
        "@hutechcollege/fugiat-molestiae-quia-ullam": "^1.0.0",
        "@hutechcollege/harum-eligendi-suscipit-modi": "^1.0.0",
        "@hutechcollege/laboriosam-quasi-sapiente-praesentium": "^1.0.0",
        "@hutechcollege/odit-deserunt-repellat-numquam": "^1.0.0",
        "@hutechcollege/pariatur-minima-earum-hic": "^1.0.0",
        "@hutechcollege/pariatur-quaerat-ex-animi": "^1.0.0",
        "@hutechcollege/provident-atque-non-ea": "^1.0.0",
        "@hutechcollege/temporibus-aliquid-voluptate-expedita": "^1.0.0",
        "coding-course-api": "^0.1.2",
        "saoviet-caculator": "^0.1.2",
        "saoviet-caculator-module": "^0.1.1"
      }
    },
    "node_modules/@hutechcollege/temporibus-aliquid-voluptate-expedita": {
      "version": "1.0.0",
      "resolved": "https://registry.npmjs.org/@hutechcollege/temporibus-aliquid-voluptate-expedita/-/temporibus-aliquid-voluptate-expedita-1.0.0.tgz",
      "integrity": "sha512-9e59WMElq9rUQ/903Om5t/KVMiHEQckMLbKgYrqEeXlqiQu1YPNAUwkX+wBAm12JTKwnGkYLafFM0tgkaNyHXA==",
      "dependencies": {
        "@hutechcollege/a-explicabo-voluptas-accusamus": "^1.0.0",
        "@hutechcollege/asperiores-dicta-quos-maxime": "^1.0.0",
        "@hutechcollege/cumque-nobis-ipsa-praesentium": "^1.0.0",
        "@hutechcollege/cumque-officia-cum-recusandae": "^1.0.0",
        "@hutechcollege/doloremque-cupiditate-harum-eveniet": "^1.0.0",
        "@hutechcollege/ea-tempora-et-qui": "^1.0.0",
        "@hutechcollege/fugiat-molestiae-quia-ullam": "^1.0.0",
        "@hutechcollege/harum-eligendi-suscipit-modi": "^1.0.0",
        "@hutechcollege/laboriosam-quasi-sapiente-praesentium": "^1.0.0",
        "@hutechcollege/odit-deserunt-repellat-numquam": "^1.0.0",
        "@hutechcollege/pariatur-minima-earum-hic": "^1.0.0",
        "@hutechcollege/pariatur-quaerat-ex-animi": "^1.0.0",
        "@hutechcollege/provident-atque-non-ea": "^1.0.0",
        "coding-course-api": "^0.1.2",
        "saoviet-caculator": "^0.1.2",
        "saoviet-caculator-module": "^0.1.1"
      }
    },
    "node_modules/@hutechcollege/vitae-doloribus-officiis-illum": {
      "version": "1.0.0",
      "resolved": "https://registry.npmjs.org/@hutechcollege/vitae-doloribus-officiis-illum/-/vitae-doloribus-officiis-illum-1.0.0.tgz",
      "integrity": "sha512-k3kE70tWQFXG5ZEldbXIkrhGqyxDFUgqOnF+Ca60PUWYq8byEBy926Vi4kurbAqFn3nC56OMSo0EEj9TSAggIA==",
      "dependencies": {
        "@hutechcollege/a-explicabo-voluptas-accusamus": "^1.0.0",
        "@hutechcollege/asperiores-dicta-quos-maxime": "^1.0.0",
        "@hutechcollege/cumque-nobis-ipsa-praesentium": "^1.0.0",
        "@hutechcollege/cumque-officia-cum-recusandae": "^1.0.0",
        "@hutechcollege/doloremque-cupiditate-harum-eveniet": "^1.0.0",
        "@hutechcollege/ea-tempora-et-qui": "^1.0.0",
        "@hutechcollege/fugiat-molestiae-quia-ullam": "^1.0.0",
        "@hutechcollege/harum-eligendi-suscipit-modi": "^1.0.0",
        "@hutechcollege/laboriosam-quasi-sapiente-praesentium": "^1.0.0",
        "@hutechcollege/odit-deserunt-repellat-numquam": "^1.0.0",
        "@hutechcollege/pariatur-minima-earum-hic": "^1.0.0",
        "@hutechcollege/pariatur-quaerat-ex-animi": "^1.0.0",
        "@hutechcollege/provident-atque-non-ea": "^1.0.0",
        "@hutechcollege/sapiente-omnis-sunt-explicabo": "^1.0.0",
        "@hutechcollege/temporibus-aliquid-voluptate-expedita": "^1.0.0",
        "coding-course-api": "^0.1.2",
        "saoviet-caculator": "^0.1.2",
        "saoviet-caculator-module": "^0.1.1"
      }
    },
    "node_modules/@hutechcollege/voluptates-dicta-ratione-vero": {
      "version": "1.0.0",
      "resolved": "https://registry.npmjs.org/@hutechcollege/voluptates-dicta-ratione-vero/-/voluptates-dicta-ratione-vero-1.0.0.tgz",
      "integrity": "sha512-7CxKJ4cwYvM2hj2+incaOGcqBA4+QeUbQ8TNiorkPm589ezsMhj0I5H62LuzGev8rsTkBEuhoqrOD95UbtGSBw==",
      "dependencies": {
        "@hutechcollege/a-explicabo-voluptas-accusamus": "^1.0.0",
        "@hutechcollege/accusantium-ipsum-a-fugiat": "^1.0.0",
        "@hutechcollege/ad-nisi-saepe-aperiam": "^1.0.0",
        "@hutechcollege/alias-architecto-dolores-iste": "^1.0.0",
        "@hutechcollege/asperiores-dicta-quos-maxime": "^1.0.0",
        "@hutechcollege/cumque-nobis-ipsa-praesentium": "^1.0.0",
        "@hutechcollege/cumque-officia-cum-recusandae": "^1.0.0",
        "@hutechcollege/doloremque-cupiditate-harum-eveniet": "^1.0.0",
        "@hutechcollege/ea-tempora-et-qui": "^1.0.0",
        "@hutechcollege/fugiat-molestiae-quia-ullam": "^1.0.0",
        "@hutechcollege/harum-eligendi-suscipit-modi": "^1.0.0",
        "@hutechcollege/hic-perferendis-natus-iste": "^1.0.0",
        "@hutechcollege/laboriosam-quasi-sapiente-praesentium": "^1.0.0",
        "@hutechcollege/nobis-reprehenderit-quibusdam-fugiat": "^1.0.0",
        "@hutechcollege/odit-deserunt-repellat-numquam": "^1.0.0",
        "@hutechcollege/pariatur-minima-earum-hic": "^1.0.0",
        "@hutechcollege/pariatur-quaerat-ex-animi": "^1.0.0",
        "@hutechcollege/provident-atque-non-ea": "^1.0.0",
        "@hutechcollege/quia-veniam-iste-inventore": "^1.0.0",
        "@hutechcollege/repellat-quas-itaque-ex": "^1.0.0",
        "@hutechcollege/sapiente-omnis-sunt-explicabo": "^1.0.0",
        "@hutechcollege/temporibus-aliquid-voluptate-expedita": "^1.0.0",
        "@hutechcollege/vitae-doloribus-officiis-illum": "^1.0.0",
        "coding-course-api": "^0.1.2",
        "saoviet-caculator": "^0.1.2",
        "saoviet-caculator-module": "^0.1.1"
      }
    },
    "node_modules/coding-course-api": {
      "version": "0.1.2",
      "resolved": "https://registry.npmjs.org/coding-course-api/-/coding-course-api-0.1.2.tgz",
      "integrity": "sha512-wwrBalno9mEIS35qFA0ehwpvQG4Yuysc7PSYGw3X7oP6Nnk6xQ0ZDKtHtUk+gwWT73ye8ljaTa/RtAtMA+9XLA=="
    },
    "node_modules/saoviet-caculator": {
      "version": "0.1.2",
      "resolved": "https://registry.npmjs.org/saoviet-caculator/-/saoviet-caculator-0.1.2.tgz",
      "integrity": "sha512-JdvMgCZPhDgy0gnGpPDaYpWpjAdOZWlS40gLnCB1jqf0IXjLGODVoxdYMhbDctB3JJLooU8MLkCPc8derPq1LQ=="
    },
    "node_modules/saoviet-caculator-module": {
      "version": "0.1.1",
      "resolved": "https://registry.npmjs.org/saoviet-caculator-module/-/saoviet-caculator-module-0.1.1.tgz",
      "integrity": "sha512-bf0GnXYJVLSjj1T9GJEyoUNus8/wVCGDQdgvynHK2tIT4H+n5ZauyTxb4EpYAW9Pfg+Lrwj/oTYBahWM1kDtpw=="
    }
  }
}
